
Microsoft Visual Studio Solution File, Format Version 12.00
# Visual Studio 15
VisualStudioVersion = 15.0.26124.0
MinimumVisualStudioVersion = 15.0.26124.0
Project("{F2A71F9B-5D33-465A-A702-920D77279786}") = "BowlingTests", "BowlingTests\BowlingTests.fsproj", "{0ED0F5DB-40B0-41AD-9D77-E2413B951A2E}"
EndProject
Project("{F2A71F9B-5D33-465A-A702-920D77279786}") = "BowlingGame", "BowlingGame\BowlingGame.fsproj", "{2C1D48FD-7A96-4E77-979D-BB6A7B1AAEE9}"
EndProject
Global
	GlobalSection(SolutionConfigurationPlatforms) = preSolution
		Debug|Any CPU = Debug|Any CPU
		Debug|x64 = Debug|x64
		Debug|x86 = Debug|x86
		Release|Any CPU = Release|Any CPU
		Release|x64 = Release|x64
		Release|x86 = Release|x86
	EndGlobalSection
	GlobalSection(SolutionProperties) = preSolution
		HideSolutionNode = FALSE
	EndGlobalSection
	GlobalSection(ProjectConfigurationPlatforms) = postSolution
		{8DEAB762-43CD-481F-9151-0864FB3C855D}.Debug|Any CPU.ActiveCfg = Debug|Any CPU
		{8DEAB762-43CD-481F-9151-0864FB3C855D}.Debug|Any CPU.Build.0 = Debug|Any CPU
		{8DEAB762-43CD-481F-9151-0864FB3C855D}.Debug|x64.ActiveCfg = Debug|Any CPU
		{8DEAB762-43CD-481F-9151-0864FB3C855D}.Debug|x64.Build.0 = Debug|Any CPU
		{8DEAB762-43CD-481F-9151-0864FB3C855D}.Debug|x86.ActiveCfg = Debug|Any CPU
		{8DEAB762-43CD-481F-9151-0864FB3C855D}.Debug|x86.Build.0 = Debug|Any CPU
		{8DEAB762-43CD-481F-9151-0864FB3C855D}.Release|Any CPU.ActiveCfg = Release|Any CPU
		{8DEAB762-43CD-481F-9151-0864FB3C855D}.Release|Any CPU.Build.0 = Release|Any CPU
		{8DEAB762-43CD-481F-9151-0864FB3C855D}.Release|x64.ActiveCfg = Release|Any CPU
		{8DEAB762-43CD-481F-9151-0864FB3C855D}.Release|x64.Build.0 = Release|Any CPU
		{8DEAB762-43CD-481F-9151-0864FB3C855D}.Release|x86.ActiveCfg = Release|Any CPU
		{8DEAB762-43CD-481F-9151-0864FB3C855D}.Release|x86.Build.0 = Release|Any CPU
		{0ED0F5DB-40B0-41AD-9D77-E2413B951A2E}.Debug|Any CPU.ActiveCfg = Debug|Any CPU
		{0ED0F5DB-40B0-41AD-9D77-E2413B951A2E}.Debug|Any CPU.Build.0 = Debug|Any CPU
		{0ED0F5DB-40B0-41AD-9D77-E2413B951A2E}.Debug|x64.ActiveCfg = Debug|Any CPU
		{0ED0F5DB-40B0-41AD-9D77-E2413B951A2E}.Debug|x64.Build.0 = Debug|Any CPU
		{0ED0F5DB-40B0-41AD-9D77-E2413B951A2E}.Debug|x86.ActiveCfg = Debug|Any CPU
		{0ED0F5DB-40B0-41AD-9D77-E2413B951A2E}.Debug|x86.Build.0 = Debug|Any CPU
		{0ED0F5DB-40B0-41AD-9D77-E2413B951A2E}.Release|Any CPU.ActiveCfg = Release|Any CPU
		{0ED0F5DB-40B0-41AD-9D77-E2413B951A2E}.Release|Any CPU.Build.0 = Release|Any CPU
		{0ED0F5DB-40B0-41AD-9D77-E2413B951A2E}.Release|x64.ActiveCfg = Release|Any CPU
		{0ED0F5DB-40B0-41AD-9D77-E2413B951A2E}.Release|x64.Build.0 = Release|Any CPU
		{0ED0F5DB-40B0-41AD-9D77-E2413B951A2E}.Release|x86.ActiveCfg = Release|Any CPU
		{0ED0F5DB-40B0-41AD-9D77-E2413B951A2E}.Release|x86.Build.0 = Release|Any CPU
		{2C1D48FD-7A96-4E77-979D-BB6A7B1AAEE9}.Debug|Any CPU.ActiveCfg = Debug|Any CPU
		{2C1D48FD-7A96-4E77-979D-BB6A7B1AAEE9}.Debug|Any CPU.Build.0 = Debug|Any CPU
		{2C1D48FD-7A96-4E77-979D-BB6A7B1AAEE9}.Debug|x64.ActiveCfg = Debug|Any CPU
		{2C1D48FD-7A96-4E77-979D-BB6A7B1AAEE9}.Debug|x64.Build.0 = Debug|Any CPU
		{2C1D48FD-7A96-4E77-979D-BB6A7B1AAEE9}.Debug|x86.ActiveCfg = Debug|Any CPU
		{2C1D48FD-7A96-4E77-979D-BB6A7B1AAEE9}.Debug|x86.Build.0 = Debug|Any CPU
		{2C1D48FD-7A96-4E77-979D-BB6A7B1AAEE9}.Release|Any CPU.ActiveCfg = Release|Any CPU
		{2C1D48FD-7A96-4E77-979D-BB6A7B1AAEE9}.Release|Any CPU.Build.0 = Release|Any CPU
		{2C1D48FD-7A96-4E77-979D-BB6A7B1AAEE9}.Release|x64.ActiveCfg = Release|Any CPU
		{2C1D48FD-7A96-4E77-979D-BB6A7B1AAEE9}.Release|x64.Build.0 = Release|Any CPU
		{2C1D48FD-7A96-4E77-979D-BB6A7B1AAEE9}.Release|x86.ActiveCfg = Release|Any CPU
		{2C1D48FD-7A96-4E77-979D-BB6A7B1AAEE9}.Release|x86.Build.0 = Release|Any CPU
	EndGlobalSection
EndGlobal
